// !$*UTF8*$!
{
	archiveVersion = 1;
	classes = {
	};
	objectVersion = 46;
	objects = {

/* Begin PBXBuildFile section */
		5805BDB71E19795600E80F69 /* AppDelegate.swift in Sources */ = {isa = PBXBuildFile; fileRef = 5805BDB61E19795600E80F69 /* AppDelegate.swift */; };
		5805BDB91E19795600E80F69 /* MainVC.swift in Sources */ = {isa = PBXBuildFile; fileRef = 5805BDB81E19795600E80F69 /* MainVC.swift */; };
		5805BDBC1E19795600E80F69 /* Main.storyboard in Resources */ = {isa = PBXBuildFile; fileRef = 5805BDBA1E19795600E80F69 /* Main.storyboard */; };
		5805BDBF1E19795600E80F69 /* dream_list.xcdatamodeld in Sources */ = {isa = PBXBuildFile; fileRef = 5805BDBD1E19795600E80F69 /* dream_list.xcdatamodeld */; };
		5805BDC11E19795600E80F69 /* Assets.xcassets in Resources */ = {isa = PBXBuildFile; fileRef = 5805BDC01E19795600E80F69 /* Assets.xcassets */; };
		5805BDC41E19795600E80F69 /* LaunchScreen.storyboard in Resources */ = {isa = PBXBuildFile; fileRef = 5805BDC21E19795600E80F69 /* LaunchScreen.storyboard */; };
		58516F171E1998C100AABABD /* Image.swift in Sources */ = {isa = PBXBuildFile; fileRef = 58516F0F1E1998C100AABABD /* Image.swift */; };
		58516F181E1998C100AABABD /* Image+CoreDataProperties.swift in Sources */ = {isa = PBXBuildFile; fileRef = 58516F101E1998C100AABABD /* Image+CoreDataProperties.swift */; };
		58516F191E1998C100AABABD /* ItemType.swift in Sources */ = {isa = PBXBuildFile; fileRef = 58516F111E1998C100AABABD /* ItemType.swift */; };
		58516F1A1E1998C100AABABD /* ItemType+CoreDataProperties.swift in Sources */ = {isa = PBXBuildFile; fileRef = 58516F121E1998C100AABABD /* ItemType+CoreDataProperties.swift */; };
		58516F1B1E1998C100AABABD /* Store.swift in Sources */ = {isa = PBXBuildFile; fileRef = 58516F131E1998C100AABABD /* Store.swift */; };
		58516F1C1E1998C100AABABD /* Store+CoreDataProperties.swift in Sources */ = {isa = PBXBuildFile; fileRef = 58516F141E1998C100AABABD /* Store+CoreDataProperties.swift */; };
		58516F1D1E1998C100AABABD /* Item.swift in Sources */ = {isa = PBXBuildFile; fileRef = 58516F151E1998C100AABABD /* Item.swift */; };
		58516F1E1E1998C100AABABD /* Item+CoreDataProperties.swift in Sources */ = {isa = PBXBuildFile; fileRef = 58516F161E1998C100AABABD /* Item+CoreDataProperties.swift */; };
		58AF00741E19CF1300778537 /* MaterialView.swift in Sources */ = {isa = PBXBuildFile; fileRef = 58AF00731E19CF1300778537 /* MaterialView.swift */; };
/* End PBXBuildFile section */

/* Begin PBXFileReference section */
		5805BDB31E19795600E80F69 /* dream-list.app */ = {isa = PBXFileReference; explicitFileType = wrapper.application; includeInIndex = 0; path = "dream-list.app"; sourceTree = BUILT_PRODUCTS_DIR; };
		5805BDB61E19795600E80F69 /* AppDelegate.swift */ = {isa = PBXFileReference; lastKnownFileType = sourcecode.swift; path = AppDelegate.swift; sourceTree = "<group>"; };
		5805BDB81E19795600E80F69 /* MainVC.swift */ = {isa = PBXFileReference; lastKnownFileType = sourcecode.swift; path = MainVC.swift; sourceTree = "<group>"; };
		5805BDBB1E19795600E80F69 /* Base */ = {isa = PBXFileReference; lastKnownFileType = file.storyboard; name = Base; path = Base.lproj/Main.storyboard; sourceTree = "<group>"; };
		5805BDBE1E19795600E80F69 /* dream_list.xcdatamodel */ = {isa = PBXFileReference; lastKnownFileType = wrapper.xcdatamodel; path = dream_list.xcdatamodel; sourceTree = "<group>"; };
		5805BDC01E19795600E80F69 /* Assets.xcassets */ = {isa = PBXFileReference; lastKnownFileType = folder.assetcatalog; path = Assets.xcassets; sourceTree = "<group>"; };
		5805BDC31E19795600E80F69 /* Base */ = {isa = PBXFileReference; lastKnownFileType = file.storyboard; name = Base; path = Base.lproj/LaunchScreen.storyboard; sourceTree = "<group>"; };
		5805BDC51E19795600E80F69 /* Info.plist */ = {isa = PBXFileReference; lastKnownFileType = text.plist.xml; path = Info.plist; sourceTree = "<group>"; };
		58516F0F1E1998C100AABABD /* Image.swift */ = {isa = PBXFileReference; fileEncoding = 4; lastKnownFileType = sourcecode.swift; path = Image.swift; sourceTree = "<group>"; };
		58516F101E1998C100AABABD /* Image+CoreDataProperties.swift */ = {isa = PBXFileReference; fileEncoding = 4; lastKnownFileType = sourcecode.swift; path = "Image+CoreDataProperties.swift"; sourceTree = "<group>"; };
		58516F111E1998C100AABABD /* ItemType.swift */ = {isa = PBXFileReference; fileEncoding = 4; lastKnownFileType = sourcecode.swift; path = ItemType.swift; sourceTree = "<group>"; };
		58516F121E1998C100AABABD /* ItemType+CoreDataProperties.swift */ = {isa = PBXFileReference; fileEncoding = 4; lastKnownFileType = sourcecode.swift; path = "ItemType+CoreDataProperties.swift"; sourceTree = "<group>"; };
		58516F131E1998C100AABABD /* Store.swift */ = {isa = PBXFileReference; fileEncoding = 4; lastKnownFileType = sourcecode.swift; path = Store.swift; sourceTree = "<group>"; };
		58516F141E1998C100AABABD /* Store+CoreDataProperties.swift */ = {isa = PBXFileReference; fileEncoding = 4; lastKnownFileType = sourcecode.swift; path = "Store+CoreDataProperties.swift"; sourceTree = "<group>"; };
		58516F151E1998C100AABABD /* Item.swift */ = {isa = PBXFileReference; fileEncoding = 4; lastKnownFileType = sourcecode.swift; path = Item.swift; sourceTree = "<group>"; };
		58516F161E1998C100AABABD /* Item+CoreDataProperties.swift */ = {isa = PBXFileReference; fileEncoding = 4; lastKnownFileType = sourcecode.swift; path = "Item+CoreDataProperties.swift"; sourceTree = "<group>"; };
		58AF00731E19CF1300778537 /* MaterialView.swift */ = {isa = PBXFileReference; fileEncoding = 4; lastKnownFileType = sourcecode.swift; path = MaterialView.swift; sourceTree = "<group>"; };
/* End PBXFileReference section */

/* Begin PBXFrameworksBuildPhase section */
		5805BDB01E19795600E80F69 /* Frameworks */ = {
			isa = PBXFrameworksBuildPhase;
			buildActionMask = 2147483647;
			files = (
			);
			runOnlyForDeploymentPostprocessing = 0;
		};
/* End PBXFrameworksBuildPhase section */

/* Begin PBXGroup section */
		5805BDAA1E19795600E80F69 = {
			isa = PBXGroup;
			children = (
				5805BDB51E19795600E80F69 /* dream-list */,
				5805BDB41E19795600E80F69 /* Products */,
			);
			sourceTree = "<group>";
		};
		5805BDB41E19795600E80F69 /* Products */ = {
			isa = PBXGroup;
			children = (
				5805BDB31E19795600E80F69 /* dream-list.app */,
			);
			name = Products;
			sourceTree = "<group>";
		};
		5805BDB51E19795600E80F69 /* dream-list */ = {
			isa = PBXGroup;
			children = (
				5805BDDB1E197F5300E80F69 /* Model */,
				58516F1F1E1998F900AABABD /* View */,
				58516F201E1998FE00AABABD /* Controller */,
				5805BDB61E19795600E80F69 /* AppDelegate.swift */,
				5805BDC01E19795600E80F69 /* Assets.xcassets */,
				5805BDC51E19795600E80F69 /* Info.plist */,
				5805BDBD1E19795600E80F69 /* dream_list.xcdatamodeld */,
			);
			path = "dream-list";
			sourceTree = "<group>";
		};
		5805BDDB1E197F5300E80F69 /* Model */ = {
			isa = PBXGroup;
			children = (
				58516F0F1E1998C100AABABD /* Image.swift */,
				58516F111E1998C100AABABD /* ItemType.swift */,
				58516F131E1998C100AABABD /* Store.swift */,
				58516F151E1998C100AABABD /* Item.swift */,
				5805BDDC1E197F5A00E80F69 /* Generated */,
			);
			name = Model;
			sourceTree = "<group>";
		};
		5805BDDC1E197F5A00E80F69 /* Generated */ = {
			isa = PBXGroup;
			children = (
				58516F101E1998C100AABABD /* Image+CoreDataProperties.swift */,
				58516F121E1998C100AABABD /* ItemType+CoreDataProperties.swift */,
				58516F141E1998C100AABABD /* Store+CoreDataProperties.swift */,
				58516F161E1998C100AABABD /* Item+CoreDataProperties.swift */,
			);
			name = Generated;
			sourceTree = "<group>";
		};
		58516F1F1E1998F900AABABD /* View */ = {
			isa = PBXGroup;
			children = (
				5805BDC21E19795600E80F69 /* LaunchScreen.storyboard */,
				5805BDBA1E19795600E80F69 /* Main.storyboard */,
				58AF00731E19CF1300778537 /* MaterialView.swift */,
			);
			name = View;
			sourceTree = "<group>";
		};
		58516F201E1998FE00AABABD /* Controller */ = {
			isa = PBXGroup;
			children = (
				5805BDB81E19795600E80F69 /* MainVC.swift */,
			);
			name = Controller;
			sourceTree = "<group>";
		};
/* End PBXGroup section */

/* Begin PBXNativeTarget section */
		5805BDB21E19795600E80F69 /* dream-list */ = {
			isa = PBXNativeTarget;
			buildConfigurationList = 5805BDC81E19795600E80F69 /* Build configuration list for PBXNativeTarget "dream-list" */;
			buildPhases = (
				5805BDAF1E19795600E80F69 /* Sources */,
				5805BDB01E19795600E80F69 /* Frameworks */,
				5805BDB11E19795600E80F69 /* Resources */,
			);
			buildRules = (
			);
			dependencies = (
			);
			name = "dream-list";
			productName = "dream-list";
			productReference = 5805BDB31E19795600E80F69 /* dream-list.app */;
			productType = "com.apple.product-type.application";
		};
/* End PBXNativeTarget section */

/* Begin PBXProject section */
		5805BDAB1E19795600E80F69 /* Project object */ = {
			isa = PBXProject;
			attributes = {
				LastSwiftUpdateCheck = 0820;
				LastUpgradeCheck = 0820;
				ORGANIZATIONNAME = RM;
				TargetAttributes = {
					5805BDB21E19795600E80F69 = {
						CreatedOnToolsVersion = 8.2.1;
						DevelopmentTeam = XD7G54ZSZ3;
						ProvisioningStyle = Automatic;
					};
				};
			};
			buildConfigurationList = 5805BDAE1E19795600E80F69 /* Build configuration list for PBXProject "dream-list" */;
			compatibilityVersion = "Xcode 3.2";
			developmentRegion = English;
			hasScannedForEncodings = 0;
			knownRegions = (
				en,
				Base,
			);
			mainGroup = 5805BDAA1E19795600E80F69;
			productRefGroup = 5805BDB41E19795600E80F69 /* Products */;
			projectDirPath = "";
			projectRoot = "";
			targets = (
				5805BDB21E19795600E80F69 /* dream-list */,
			);
		};
/* End PBXProject section */

/* Begin PBXResourcesBuildPhase section */
		5805BDB11E19795600E80F69 /* Resources */ = {
			isa = PBXResourcesBuildPhase;
			buildActionMask = 2147483647;
			files = (
				5805BDC41E19795600E80F69 /* LaunchScreen.storyboard in Resources */,
				5805BDC11E19795600E80F69 /* Assets.xcassets in Resources */,
				5805BDBC1E19795600E80F69 /* Main.storyboard in Resources */,
			);
			runOnlyForDeploymentPostprocessing = 0;
		};
/* End PBXResourcesBuildPhase section */

/* Begin PBXSourcesBuildPhase section */
		5805BDAF1E19795600E80F69 /* Sources */ = {
			isa = PBXSourcesBuildPhase;
			buildActionMask = 2147483647;
			files = (
				58516F1D1E1998C100AABABD /* Item.swift in Sources */,
				58516F191E1998C100AABABD /* ItemType.swift in Sources */,
				5805BDBF1E19795600E80F69 /* dream_list.xcdatamodeld in Sources */,
				58AF00741E19CF1300778537 /* MaterialView.swift in Sources */,
				58516F181E1998C100AABABD /* Image+CoreDataProperties.swift in Sources */,
				5805BDB91E19795600E80F69 /* MainVC.swift in Sources */,
				58516F1C1E1998C100AABABD /* Store+CoreDataProperties.swift in Sources */,
				5805BDB71E19795600E80F69 /* AppDelegate.swift in Sources */,
				58516F1B1E1998C100AABABD /* Store.swift in Sources */,
				58516F1A1E1998C100AABABD /* ItemType+CoreDataProperties.swift in Sources */,
				58516F1E1E1998C100AABABD /* Item+CoreDataProperties.swift in Sources */,
				58516F171E1998C100AABABD /* Image.swift in Sources */,
			);
			runOnlyForDeploymentPostprocessing = 0;
		};
/* End PBXSourcesBuildPhase section */

/* Begin PBXVariantGroup section */
		5805BDBA1E19795600E80F69 /* Main.storyboard */ = {
			isa = PBXVariantGroup;
			children = (
				5805BDBB1E19795600E80F69 /* Base */,
			);
			name = Main.storyboard;
			sourceTree = "<group>";
		};
		5805BDC21E19795600E80F69 /* LaunchScreen.storyboard */ = {
			isa = PBXVariantGroup;
			children = (
				5805BDC31E19795600E80F69 /* Base */,
			);
			name = LaunchScreen.storyboard;
			sourceTree = "<group>";
		};
/* End PBXVariantGroup section */

/* Begin XCBuildConfiguration section */
		5805BDC61E19795600E80F69 /* Debug */ = {
			isa = XCBuildConfiguration;
			buildSettings = {
				ALWAYS_SEARCH_USER_PATHS = NO;
				CLANG_ANALYZER_NONNULL = YES;
				CLANG_CXX_LANGUAGE_STANDARD = "gnu++0x";
				CLANG_CXX_LIBRARY = "libc++";
				CLANG_ENABLE_MODULES = YES;
				CLANG_ENABLE_OBJC_ARC = YES;
				CLANG_WARN_BOOL_CONVERSION = YES;
				CLANG_WARN_CONSTANT_CONVERSION = YES;
				CLANG_WARN_DIRECT_OBJC_ISA_USAGE = YES_ERROR;
				CLANG_WARN_DOCUMENTATION_COMMENTS = YES;
				CLANG_WARN_EMPTY_BODY = YES;
				CLANG_WARN_ENUM_CONVERSION = YES;
				CLANG_WARN_INFINITE_RECURSION = YES;
				CLANG_WARN_INT_CONVERSION = YES;
				CLANG_WARN_OBJC_ROOT_CLASS = YES_ERROR;
				CLANG_WARN_SUSPICIOUS_MOVE = YES;
				CLANG_WARN_UNREACHABLE_CODE = YES;
				CLANG_WARN__DUPLICATE_METHOD_MATCH = YES;
				"CODE_SIGN_IDENTITY[sdk=iphoneos*]" = "iPhone Developer";
				COPY_PHASE_STRIP = NO;
				DEBUG_INFORMATION_FORMAT = dwarf;
				ENABLE_STRICT_OBJC_MSGSEND = YES;
				ENABLE_TESTABILITY = YES;
				GCC_C_LANGUAGE_STANDARD = gnu99;
				GCC_DYNAMIC_NO_PIC = NO;
				GCC_NO_COMMON_BLOCKS = YES;
				GCC_OPTIMIZATION_LEVEL = 0;
				GCC_PREPROCESSOR_DEFINITIONS = (
					"DEBUG=1",
					"$(inherited)",
				);
				GCC_WARN_64_TO_32_BIT_CONVERSION = YES;
				GCC_WARN_ABOUT_RETURN_TYPE = YES_ERROR;
				GCC_WARN_UNDECLARED_SELECTOR = YES;
				GCC_WARN_UNINITIALIZED_AUTOS = YES_AGGRESSIVE;
				GCC_WARN_UNUSED_FUNCTION = YES;
				GCC_WARN_UNUSED_VARIABLE = YES;
				IPHONEOS_DEPLOYMENT_TARGET = 10.2;
				MTL_ENABLE_DEBUG_INFO = YES;
				ONLY_ACTIVE_ARCH = YES;
				SDKROOT = iphoneos;
				SWIFT_ACTIVE_COMPILATION_CONDITIONS = DEBUG;
				SWIFT_OPTIMIZATION_LEVEL = "-Onone";
				TARGETED_DEVICE_FAMILY = "1,2";
			};
			name = Debug;
		};
		5805BDC71E19795600E80F69 /* Release */ = {
			isa = XCBuildConfiguration;
			buildSettings = {
				ALWAYS_SEARCH_USER_PATHS = NO;
				CLANG_ANALYZER_NONNULL = YES;
				CLANG_CXX_LANGUAGE_STANDARD = "gnu++0x";
				CLANG_CXX_LIBRARY = "libc++";
				CLANG_ENABLE_MODULES = YES;
				CLANG_ENABLE_OBJC_ARC = YES;
				CLANG_WARN_BOOL_CONVERSION = YES;
				CLANG_WARN_CONSTANT_CONVERSION = YES;
				CLANG_WARN_DIRECT_OBJC_ISA_USAGE = YES_ERROR;
				CLANG_WARN_DOCUMENTATION_COMMENTS = YES;
				CLANG_WARN_EMPTY_BODY = YES;
				CLANG_WARN_ENUM_CONVERSION = YES;
				CLANG_WARN_INFINITE_RECURSION = YES;
				CLANG_WARN_INT_CONVERSION = YES;
				CLANG_WARN_OBJC_ROOT_CLASS = YES_ERROR;
				CLANG_WARN_SUSPICIOUS_MOVE = YES;
				CLANG_WARN_UNREACHABLE_CODE = YES;
				CLANG_WARN__DUPLICATE_METHOD_MATCH = YES;
				"CODE_SIGN_IDENTITY[sdk=iphoneos*]" = "iPhone Developer";
				COPY_PHASE_STRIP = NO;
				DEBUG_INFORMATION_FORMAT = "dwarf-with-dsym";
				ENABLE_NS_ASSERTIONS = NO;
				ENABLE_STRICT_OBJC_MSGSEND = YES;
				GCC_C_LANGUAGE_STANDARD = gnu99;
				GCC_NO_COMMON_BLOCKS = YES;
				GCC_WARN_64_TO_32_BIT_CONVERSION = YES;
				GCC_WARN_ABOUT_RETURN_TYPE = YES_ERROR;
				GCC_WARN_UNDECLARED_SELECTOR = YES;
				GCC_WARN_UNINITIALIZED_AUTOS = YES_AGGRESSIVE;
				GCC_WARN_UNUSED_FUNCTION = YES;
				GCC_WARN_UNUSED_VARIABLE = YES;
				IPHONEOS_DEPLOYMENT_TARGET = 10.2;
				MTL_ENABLE_DEBUG_INFO = NO;
				SDKROOT = iphoneos;
				SWIFT_OPTIMIZATION_LEVEL = "-Owholemodule";
				TARGETED_DEVICE_FAMILY = "1,2";
				VALIDATE_PRODUCT = YES;
			};
			name = Release;
		};
		5805BDC91E19795600E80F69 /* Debug */ = {
			isa = XCBuildConfiguration;
			buildSettings = {
				ASSETCATALOG_COMPILER_APPICON_NAME = AppIcon;
				DEVELOPMENT_TEAM = XD7G54ZSZ3;
				INFOPLIST_FILE = "dream-list/Info.plist";
				LD_RUNPATH_SEARCH_PATHS = "$(inherited) @executable_path/Frameworks";
				PRODUCT_BUNDLE_IDENTIFIER = "com.rm.dream-list";
				PRODUCT_NAME = "$(TARGET_NAME)";
				SWIFT_VERSION = 3.0;
			};
			name = Debug;
		};
		5805BDCA1E19795600E80F69 /* Release */ = {
			isa = XCBuildConfiguration;
			buildSettings = {
				ASSETCATALOG_COMPILER_APPICON_NAME = AppIcon;
				DEVELOPMENT_TEAM = XD7G54ZSZ3;
				INFOPLIST_FILE = "dream-list/Info.plist";
				LD_RUNPATH_SEARCH_PATHS = "$(inherited) @executable_path/Frameworks";
				PRODUCT_BUNDLE_IDENTIFIER = "com.rm.dream-list";
				PRODUCT_NAME = "$(TARGET_NAME)";
				SWIFT_VERSION = 3.0;
			};
			name = Release;
		};
/* End XCBuildConfiguration section */

/* Begin XCConfigurationList section */
		5805BDAE1E19795600E80F69 /* Build configuration list for PBXProject "dream-list" */ = {
			isa = XCConfigurationList;
			buildConfigurations = (
				5805BDC61E19795600E80F69 /* Debug */,
				5805BDC71E19795600E80F69 /* Release */,
			);
			defaultConfigurationIsVisible = 0;
			defaultConfigurationName = Release;
		};
		5805BDC81E19795600E80F69 /* Build configuration list for PBXNativeTarget "dream-list" */ = {
			isa = XCConfigurationList;
			buildConfigurations = (
				5805BDC91E19795600E80F69 /* Debug */,
				5805BDCA1E19795600E80F69 /* Release */,
			);
			defaultConfigurationIsVisible = 0;
			defaultConfigurationName = Release;
		};
/* End XCConfigurationList section */

/* Begin XCVersionGroup section */
		5805BDBD1E19795600E80F69 /* dream_list.xcdatamodeld */ = {
			isa = XCVersionGroup;
			children = (
				5805BDBE1E19795600E80F69 /* dream_list.xcdatamodel */,
			);
			currentVersion = 5805BDBE1E19795600E80F69 /* dream_list.xcdatamodel */;
			path = dream_list.xcdatamodeld;
			sourceTree = "<group>";
			versionGroupType = wrapper.xcdatamodel;
		};
/* End XCVersionGroup section */
	};
	rootObject = 5805BDAB1E19795600E80F69 /* Project object */;
}
